
Microsoft Visual Studio Solution File, Format Version 12.00
# Visual Studio Version 17
VisualStudioVersion = 17.5.002.0
MinimumVisualStudioVersion = 10.0.40219.1
Project("{9A19103F-16F7-4668-BE54-9A1E7A4F7556}") = "Task", "Task\Task.csproj", "{9E896CC2-2928-47EB-89A7-2A098E3FBCED}"
EndProject
Global
	GlobalSection(SolutionConfigurationPlatforms) = preSolution
		Debug|Any CPU = Debug|Any CPU
		Release|Any CPU = Release|Any CPU
	EndGlobalSection
	GlobalSection(ProjectConfigurationPlatforms) = postSolution
		{9E896CC2-2928-47EB-89A7-2A098E3FBCED}.Debug|Any CPU.ActiveCfg = Debug|Any CPU
		{9E896CC2-2928-47EB-89A7-2A098E3FBCED}.Debug|Any CPU.Build.0 = Debug|Any CPU
		{9E896CC2-2928-47EB-89A7-2A098E3FBCED}.Release|Any CPU.ActiveCfg = Release|Any CPU
		{9E896CC2-2928-47EB-89A7-2A098E3FBCED}.Release|Any CPU.Build.0 = Release|Any CPU
	EndGlobalSection
	GlobalSection(SolutionProperties) = preSolution
		HideSolutionNode = FALSE
	EndGlobalSection
	GlobalSection(ExtensibilityGlobals) = postSolution
		SolutionGuid = {550A71B7-19B3-41E4-B980-80D19D38B2E3}
	EndGlobalSection
EndGlobal
